
Microsoft Visual Studio Solution File, Format Version 12.00
# Visual Studio Version 17
VisualStudioVersion = 17.5.2.0
MinimumVisualStudioVersion = 10.0.40219.1
Project("{FAE04EC0-301F-11D3-BF4B-00C04F79EFBC}") = "AspecCapturaApi", "AspecCapturaApi.csproj", "{C8A2D4F1-8B3E-4D2C-9F1A-3E5B7C9D2A1F}"
EndProject
Project("{2150E333-8FDC-42A3-9474-1A3956D46DE8}") = "tests", "tests", "{0AB3BF05-4346-4AA6-1389-037BE0695223}"
EndProject
Project("{FAE04EC0-301F-11D3-BF4B-00C04F79EFBC}") = "Tests", "tests\Tests.csproj", "{333115A3-B02E-46AC-BCFD-01BB82C7BEC7}"
EndProject
Global
	GlobalSection(SolutionConfigurationPlatforms) = preSolution
		Debug|Any CPU = Debug|Any CPU
		Debug|x64 = Debug|x64
		Debug|x86 = Debug|x86
		Release|Any CPU = Release|Any CPU
		Release|x64 = Release|x64
		Release|x86 = Release|x86
	EndGlobalSection
	GlobalSection(ProjectConfigurationPlatforms) = postSolution
		{C8A2D4F1-8B3E-4D2C-9F1A-3E5B7C9D2A1F}.Debug|Any CPU.ActiveCfg = Debug|Any CPU
		{C8A2D4F1-8B3E-4D2C-9F1A-3E5B7C9D2A1F}.Debug|Any CPU.Build.0 = Debug|Any CPU
		{C8A2D4F1-8B3E-4D2C-9F1A-3E5B7C9D2A1F}.Debug|x64.ActiveCfg = Debug|Any CPU
		{C8A2D4F1-8B3E-4D2C-9F1A-3E5B7C9D2A1F}.Debug|x64.Build.0 = Debug|Any CPU
		{C8A2D4F1-8B3E-4D2C-9F1A-3E5B7C9D2A1F}.Debug|x86.ActiveCfg = Debug|Any CPU
		{C8A2D4F1-8B3E-4D2C-9F1A-3E5B7C9D2A1F}.Debug|x86.Build.0 = Debug|Any CPU
		{C8A2D4F1-8B3E-4D2C-9F1A-3E5B7C9D2A1F}.Release|Any CPU.ActiveCfg = Release|Any CPU
		{C8A2D4F1-8B3E-4D2C-9F1A-3E5B7C9D2A1F}.Release|Any CPU.Build.0 = Release|Any CPU
		{C8A2D4F1-8B3E-4D2C-9F1A-3E5B7C9D2A1F}.Release|x64.ActiveCfg = Release|Any CPU
		{C8A2D4F1-8B3E-4D2C-9F1A-3E5B7C9D2A1F}.Release|x64.Build.0 = Release|Any CPU
		{C8A2D4F1-8B3E-4D2C-9F1A-3E5B7C9D2A1F}.Release|x86.ActiveCfg = Release|Any CPU
		{C8A2D4F1-8B3E-4D2C-9F1A-3E5B7C9D2A1F}.Release|x86.Build.0 = Release|Any CPU
		{333115A3-B02E-46AC-BCFD-01BB82C7BEC7}.Debug|Any CPU.ActiveCfg = Debug|Any CPU
		{333115A3-B02E-46AC-BCFD-01BB82C7BEC7}.Debug|Any CPU.Build.0 = Debug|Any CPU
		{333115A3-B02E-46AC-BCFD-01BB82C7BEC7}.Debug|x64.ActiveCfg = Debug|Any CPU
		{333115A3-B02E-46AC-BCFD-01BB82C7BEC7}.Debug|x64.Build.0 = Debug|Any CPU
		{333115A3-B02E-46AC-BCFD-01BB82C7BEC7}.Debug|x86.ActiveCfg = Debug|Any CPU
		{333115A3-B02E-46AC-BCFD-01BB82C7BEC7}.Debug|x86.Build.0 = Debug|Any CPU
		{333115A3-B02E-46AC-BCFD-01BB82C7BEC7}.Release|Any CPU.ActiveCfg = Release|Any CPU
		{333115A3-B02E-46AC-BCFD-01BB82C7BEC7}.Release|Any CPU.Build.0 = Release|Any CPU
		{333115A3-B02E-46AC-BCFD-01BB82C7BEC7}.Release|x64.ActiveCfg = Release|Any CPU
		{333115A3-B02E-46AC-BCFD-01BB82C7BEC7}.Release|x64.Build.0 = Release|Any CPU
		{333115A3-B02E-46AC-BCFD-01BB82C7BEC7}.Release|x86.ActiveCfg = Release|Any CPU
		{333115A3-B02E-46AC-BCFD-01BB82C7BEC7}.Release|x86.Build.0 = Release|Any CPU
	EndGlobalSection
	GlobalSection(SolutionProperties) = preSolution
		HideSolutionNode = FALSE
	EndGlobalSection
	GlobalSection(NestedProjects) = preSolution
		{333115A3-B02E-46AC-BCFD-01BB82C7BEC7} = {0AB3BF05-4346-4AA6-1389-037BE0695223}
	EndGlobalSection
	GlobalSection(ExtensibilityGlobals) = postSolution
		SolutionGuid = {F2B8E3C1-9A4D-4E7F-B5C2-8D1A6F3E9B2C}
	EndGlobalSection
EndGlobal
